// !$*UTF8*$!
{
	archiveVersion = 1;
	classes = {
	};
	objectVersion = 45;
	objects = {

/* Begin PBXBuildFile section */
		8D5B49B0048680CD000E48DA /* InfoPlist.strings in Resources */ = {isa = PBXBuildFile; fileRef = 089C167DFE841241C02AAC07 /* InfoPlist.strings */; };
		8D5B49B4048680CD000E48DA /* Cocoa.framework in Frameworks */ = {isa = PBXBuildFile; fileRef = 1058C7ADFEA557BF11CA2CBB /* Cocoa.framework */; };
		C4C4197D11E03E9A00EB62B2 /* ASIDownloadCache.m in Sources */ = {isa = PBXBuildFile; fileRef = C4C4196D11E03E9A00EB62B2 /* ASIDownloadCache.m */; };
		C4C4197E11E03E9A00EB62B2 /* ASIFormDataRequest.m in Sources */ = {isa = PBXBuildFile; fileRef = C4C4196F11E03E9A00EB62B2 /* ASIFormDataRequest.m */; };
		C4C4197F11E03E9A00EB62B2 /* ASIHTTPRequest.m in Sources */ = {isa = PBXBuildFile; fileRef = C4C4197111E03E9A00EB62B2 /* ASIHTTPRequest.m */; };
		C4C4198011E03E9A00EB62B2 /* ASIInputStream.m in Sources */ = {isa = PBXBuildFile; fileRef = C4C4197511E03E9A00EB62B2 /* ASIInputStream.m */; };
		C4C4198111E03E9A00EB62B2 /* ASINetworkQueue.m in Sources */ = {isa = PBXBuildFile; fileRef = C4C4197711E03E9A00EB62B2 /* ASINetworkQueue.m */; };
		C4C4198211E03E9A00EB62B2 /* CortitoPlugin.m in Sources */ = {isa = PBXBuildFile; fileRef = C4C4197A11E03E9A00EB62B2 /* CortitoPlugin.m */; };
		C4C4198311E03E9A00EB62B2 /* CortitoService.m in Sources */ = {isa = PBXBuildFile; fileRef = C4C4197C11E03E9A00EB62B2 /* CortitoService.m */; };
		C4C419ED11E0544200EB62B2 /* Glass.aiff in Resources */ = {isa = PBXBuildFile; fileRef = C4C419EC11E0544200EB62B2 /* Glass.aiff */; };
		C4C41A3B11E05CED00EB62B2 /* CortitoPreferences.m in Sources */ = {isa = PBXBuildFile; fileRef = C4C41A3A11E05CED00EB62B2 /* CortitoPreferences.m */; };
		C4C41AA711E0685C00EB62B2 /* AdvancedPreferences.tiff in Resources */ = {isa = PBXBuildFile; fileRef = C4C41AA611E0685C00EB62B2 /* AdvancedPreferences.tiff */; };
/* End PBXBuildFile section */

/* Begin PBXFileReference section */
		089C1672FE841209C02AAC07 /* Foundation.framework */ = {isa = PBXFileReference; lastKnownFileType = wrapper.framework; name = Foundation.framework; path = /System/Library/Frameworks/Foundation.framework; sourceTree = "<absolute>"; };
		089C167EFE841241C02AAC07 /* English */ = {isa = PBXFileReference; fileEncoding = 4; lastKnownFileType = text.plist.strings; name = English; path = English.lproj/InfoPlist.strings; sourceTree = "<group>"; };
		089C167FFE841241C02AAC07 /* AppKit.framework */ = {isa = PBXFileReference; lastKnownFileType = wrapper.framework; name = AppKit.framework; path = /System/Library/Frameworks/AppKit.framework; sourceTree = "<absolute>"; };
		1058C7ADFEA557BF11CA2CBB /* Cocoa.framework */ = {isa = PBXFileReference; lastKnownFileType = wrapper.framework; name = Cocoa.framework; path = /System/Library/Frameworks/Cocoa.framework; sourceTree = "<absolute>"; };
		32DBCF630370AF2F00C91783 /* Cortito_Prefix.pch */ = {isa = PBXFileReference; fileEncoding = 4; lastKnownFileType = sourcecode.c.h; path = Cortito_Prefix.pch; sourceTree = "<group>"; };
		8D5B49B6048680CD000E48DA /* Cortito.bundle */ = {isa = PBXFileReference; explicitFileType = wrapper.cfbundle; includeInIndex = 0; path = Cortito.bundle; sourceTree = BUILT_PRODUCTS_DIR; };
		8D5B49B7048680CD000E48DA /* Info.plist */ = {isa = PBXFileReference; fileEncoding = 4; lastKnownFileType = text.plist.xml; path = Info.plist; sourceTree = "<group>"; };
		C4C4196B11E03E9A00EB62B2 /* ASICacheDelegate.h */ = {isa = PBXFileReference; fileEncoding = 4; lastKnownFileType = sourcecode.c.h; path = ASICacheDelegate.h; sourceTree = "<group>"; };
		C4C4196C11E03E9A00EB62B2 /* ASIDownloadCache.h */ = {isa = PBXFileReference; fileEncoding = 4; lastKnownFileType = sourcecode.c.h; path = ASIDownloadCache.h; sourceTree = "<group>"; };
		C4C4196D11E03E9A00EB62B2 /* ASIDownloadCache.m */ = {isa = PBXFileReference; fileEncoding = 4; lastKnownFileType = sourcecode.c.objc; path = ASIDownloadCache.m; sourceTree = "<group>"; };
		C4C4196E11E03E9A00EB62B2 /* ASIFormDataRequest.h */ = {isa = PBXFileReference; fileEncoding = 4; lastKnownFileType = sourcecode.c.h; path = ASIFormDataRequest.h; sourceTree = "<group>"; };
		C4C4196F11E03E9A00EB62B2 /* ASIFormDataRequest.m */ = {isa = PBXFileReference; fileEncoding = 4; lastKnownFileType = sourcecode.c.objc; path = ASIFormDataRequest.m; sourceTree = "<group>"; };
		C4C4197011E03E9A00EB62B2 /* ASIHTTPRequest.h */ = {isa = PBXFileReference; fileEncoding = 4; lastKnownFileType = sourcecode.c.h; path = ASIHTTPRequest.h; sourceTree = "<group>"; };
		C4C4197111E03E9A00EB62B2 /* ASIHTTPRequest.m */ = {isa = PBXFileReference; fileEncoding = 4; lastKnownFileType = sourcecode.c.objc; path = ASIHTTPRequest.m; sourceTree = "<group>"; };
		C4C4197211E03E9A00EB62B2 /* ASIHTTPRequestConfig.h */ = {isa = PBXFileReference; fileEncoding = 4; lastKnownFileType = sourcecode.c.h; path = ASIHTTPRequestConfig.h; sourceTree = "<group>"; };
		C4C4197311E03E9A00EB62B2 /* ASIHTTPRequestDelegate.h */ = {isa = PBXFileReference; fileEncoding = 4; lastKnownFileType = sourcecode.c.h; path = ASIHTTPRequestDelegate.h; sourceTree = "<group>"; };
		C4C4197411E03E9A00EB62B2 /* ASIInputStream.h */ = {isa = PBXFileReference; fileEncoding = 4; lastKnownFileType = sourcecode.c.h; path = ASIInputStream.h; sourceTree = "<group>"; };
		C4C4197511E03E9A00EB62B2 /* ASIInputStream.m */ = {isa = PBXFileReference; fileEncoding = 4; lastKnownFileType = sourcecode.c.objc; path = ASIInputStream.m; sourceTree = "<group>"; };
		C4C4197611E03E9A00EB62B2 /* ASINetworkQueue.h */ = {isa = PBXFileReference; fileEncoding = 4; lastKnownFileType = sourcecode.c.h; path = ASINetworkQueue.h; sourceTree = "<group>"; };
		C4C4197711E03E9A00EB62B2 /* ASINetworkQueue.m */ = {isa = PBXFileReference; fileEncoding = 4; lastKnownFileType = sourcecode.c.objc; path = ASINetworkQueue.m; sourceTree = "<group>"; };
		C4C4197811E03E9A00EB62B2 /* ASIProgressDelegate.h */ = {isa = PBXFileReference; fileEncoding = 4; lastKnownFileType = sourcecode.c.h; path = ASIProgressDelegate.h; sourceTree = "<group>"; };
		C4C4197911E03E9A00EB62B2 /* CortitoPlugin.h */ = {isa = PBXFileReference; fileEncoding = 4; lastKnownFileType = sourcecode.c.h; path = CortitoPlugin.h; sourceTree = "<group>"; };
		C4C4197A11E03E9A00EB62B2 /* CortitoPlugin.m */ = {isa = PBXFileReference; fileEncoding = 4; lastKnownFileType = sourcecode.c.objc; path = CortitoPlugin.m; sourceTree = "<group>"; };
		C4C4197B11E03E9A00EB62B2 /* CortitoService.h */ = {isa = PBXFileReference; fileEncoding = 4; lastKnownFileType = sourcecode.c.h; path = CortitoService.h; sourceTree = "<group>"; };
		C4C4197C11E03E9A00EB62B2 /* CortitoService.m */ = {isa = PBXFileReference; fileEncoding = 4; lastKnownFileType = sourcecode.c.objc; path = CortitoService.m; sourceTree = "<group>"; };
		C4C419EC11E0544200EB62B2 /* Glass.aiff */ = {isa = PBXFileReference; lastKnownFileType = audio.aiff; path = Glass.aiff; sourceTree = "<group>"; };
		C4C41A3911E05CED00EB62B2 /* CortitoPreferences.h */ = {isa = PBXFileReference; fileEncoding = 4; lastKnownFileType = sourcecode.c.h; path = CortitoPreferences.h; sourceTree = "<group>"; };
		C4C41A3A11E05CED00EB62B2 /* CortitoPreferences.m */ = {isa = PBXFileReference; fileEncoding = 4; lastKnownFileType = sourcecode.c.objc; path = CortitoPreferences.m; sourceTree = "<group>"; };
		C4C41AA611E0685C00EB62B2 /* AdvancedPreferences.tiff */ = {isa = PBXFileReference; lastKnownFileType = image.tiff; path = AdvancedPreferences.tiff; sourceTree = "<group>"; };
		D2F7E65807B2D6F200F64583 /* CoreData.framework */ = {isa = PBXFileReference; lastKnownFileType = wrapper.framework; name = CoreData.framework; path = /System/Library/Frameworks/CoreData.framework; sourceTree = "<absolute>"; };
/* End PBXFileReference section */

/* Begin PBXFrameworksBuildPhase section */
		8D5B49B3048680CD000E48DA /* Frameworks */ = {
			isa = PBXFrameworksBuildPhase;
			buildActionMask = 2147483647;
			files = (
				8D5B49B4048680CD000E48DA /* Cocoa.framework in Frameworks */,
			);
			runOnlyForDeploymentPostprocessing = 0;
		};
/* End PBXFrameworksBuildPhase section */

/* Begin PBXGroup section */
		089C166AFE841209C02AAC07 /* Cortito */ = {
			isa = PBXGroup;
			children = (
				C4C4196911E03E9A00EB62B2 /* Classes */,
				32C88E010371C26100C91783 /* Other Sources */,
				089C167CFE841241C02AAC07 /* Resources */,
				089C1671FE841209C02AAC07 /* Frameworks and Libraries */,
				19C28FB8FE9D52D311CA2CBB /* Products */,
			);
			name = Cortito;
			sourceTree = "<group>";
		};
		089C1671FE841209C02AAC07 /* Frameworks and Libraries */ = {
			isa = PBXGroup;
			children = (
				1058C7ACFEA557BF11CA2CBB /* Linked Frameworks */,
				1058C7AEFEA557BF11CA2CBB /* Other Frameworks */,
			);
			name = "Frameworks and Libraries";
			sourceTree = "<group>";
		};
		089C167CFE841241C02AAC07 /* Resources */ = {
			isa = PBXGroup;
			children = (
				C4C41AA511E0685C00EB62B2 /* images */,
				C4C419EB11E0544200EB62B2 /* sounds */,
				8D5B49B7048680CD000E48DA /* Info.plist */,
				089C167DFE841241C02AAC07 /* InfoPlist.strings */,
			);
			name = Resources;
			sourceTree = "<group>";
		};
		1058C7ACFEA557BF11CA2CBB /* Linked Frameworks */ = {
			isa = PBXGroup;
			children = (
				1058C7ADFEA557BF11CA2CBB /* Cocoa.framework */,
			);
			name = "Linked Frameworks";
			sourceTree = "<group>";
		};
		1058C7AEFEA557BF11CA2CBB /* Other Frameworks */ = {
			isa = PBXGroup;
			children = (
				089C167FFE841241C02AAC07 /* AppKit.framework */,
				D2F7E65807B2D6F200F64583 /* CoreData.framework */,
				089C1672FE841209C02AAC07 /* Foundation.framework */,
			);
			name = "Other Frameworks";
			sourceTree = "<group>";
		};
		19C28FB8FE9D52D311CA2CBB /* Products */ = {
			isa = PBXGroup;
			children = (
				8D5B49B6048680CD000E48DA /* Cortito.bundle */,
			);
			name = Products;
			sourceTree = "<group>";
		};
		32C88E010371C26100C91783 /* Other Sources */ = {
			isa = PBXGroup;
			children = (
				32DBCF630370AF2F00C91783 /* Cortito_Prefix.pch */,
			);
			name = "Other Sources";
			sourceTree = "<group>";
		};
		C4C4196911E03E9A00EB62B2 /* Classes */ = {
			isa = PBXGroup;
			children = (
				C4C4196A11E03E9A00EB62B2 /* asi-http-request */,
				C4C4197911E03E9A00EB62B2 /* CortitoPlugin.h */,
				C4C4197A11E03E9A00EB62B2 /* CortitoPlugin.m */,
				C4C4197B11E03E9A00EB62B2 /* CortitoService.h */,
				C4C4197C11E03E9A00EB62B2 /* CortitoService.m */,
				C4C41A3911E05CED00EB62B2 /* CortitoPreferences.h */,
				C4C41A3A11E05CED00EB62B2 /* CortitoPreferences.m */,
			);
			path = Classes;
			sourceTree = "<group>";
		};
		C4C4196A11E03E9A00EB62B2 /* asi-http-request */ = {
			isa = PBXGroup;
			children = (
				C4C4196B11E03E9A00EB62B2 /* ASICacheDelegate.h */,
				C4C4196C11E03E9A00EB62B2 /* ASIDownloadCache.h */,
				C4C4196D11E03E9A00EB62B2 /* ASIDownloadCache.m */,
				C4C4196E11E03E9A00EB62B2 /* ASIFormDataRequest.h */,
				C4C4196F11E03E9A00EB62B2 /* ASIFormDataRequest.m */,
				C4C4197011E03E9A00EB62B2 /* ASIHTTPRequest.h */,
				C4C4197111E03E9A00EB62B2 /* ASIHTTPRequest.m */,
				C4C4197211E03E9A00EB62B2 /* ASIHTTPRequestConfig.h */,
				C4C4197311E03E9A00EB62B2 /* ASIHTTPRequestDelegate.h */,
				C4C4197411E03E9A00EB62B2 /* ASIInputStream.h */,
				C4C4197511E03E9A00EB62B2 /* ASIInputStream.m */,
				C4C4197611E03E9A00EB62B2 /* ASINetworkQueue.h */,
				C4C4197711E03E9A00EB62B2 /* ASINetworkQueue.m */,
				C4C4197811E03E9A00EB62B2 /* ASIProgressDelegate.h */,
			);
			path = "asi-http-request";
			sourceTree = "<group>";
		};
		C4C419EB11E0544200EB62B2 /* sounds */ = {
			isa = PBXGroup;
			children = (
				C4C419EC11E0544200EB62B2 /* Glass.aiff */,
			);
			path = sounds;
			sourceTree = "<group>";
		};
		C4C41AA511E0685C00EB62B2 /* images */ = {
			isa = PBXGroup;
			children = (
				C4C41AA611E0685C00EB62B2 /* AdvancedPreferences.tiff */,
			);
			path = images;
			sourceTree = "<group>";
		};
/* End PBXGroup section */

/* Begin PBXNativeTarget section */
		8D5B49AC048680CD000E48DA /* Cortito */ = {
			isa = PBXNativeTarget;
			buildConfigurationList = 1DEB913A08733D840010E9CD /* Build configuration list for PBXNativeTarget "Cortito" */;
			buildPhases = (
				8D5B49AF048680CD000E48DA /* Resources */,
				8D5B49B1048680CD000E48DA /* Sources */,
				8D5B49B3048680CD000E48DA /* Frameworks */,
			);
			buildRules = (
			);
			dependencies = (
			);
			name = Cortito;
			productInstallPath = "$(HOME)/Library/Bundles";
			productName = Cortito;
			productReference = 8D5B49B6048680CD000E48DA /* Cortito.bundle */;
			productType = "com.apple.product-type.bundle";
		};
/* End PBXNativeTarget section */

/* Begin PBXProject section */
		089C1669FE841209C02AAC07 /* Project object */ = {
			isa = PBXProject;
			buildConfigurationList = 1DEB913E08733D840010E9CD /* Build configuration list for PBXProject "Cortito" */;
			compatibilityVersion = "Xcode 3.1";
			hasScannedForEncodings = 1;
			mainGroup = 089C166AFE841209C02AAC07 /* Cortito */;
			projectDirPath = "";
			projectRoot = "";
			targets = (
				8D5B49AC048680CD000E48DA /* Cortito */,
			);
		};
/* End PBXProject section */

/* Begin PBXResourcesBuildPhase section */
		8D5B49AF048680CD000E48DA /* Resources */ = {
			isa = PBXResourcesBuildPhase;
			buildActionMask = 2147483647;
			files = (
				8D5B49B0048680CD000E48DA /* InfoPlist.strings in Resources */,
				C4C419ED11E0544200EB62B2 /* Glass.aiff in Resources */,
				C4C41AA711E0685C00EB62B2 /* AdvancedPreferences.tiff in Resources */,
			);
			runOnlyForDeploymentPostprocessing = 0;
		};
/* End PBXResourcesBuildPhase section */

/* Begin PBXSourcesBuildPhase section */
		8D5B49B1048680CD000E48DA /* Sources */ = {
			isa = PBXSourcesBuildPhase;
			buildActionMask = 2147483647;
			files = (
				C4C4197D11E03E9A00EB62B2 /* ASIDownloadCache.m in Sources */,
				C4C4197E11E03E9A00EB62B2 /* ASIFormDataRequest.m in Sources */,
				C4C4197F11E03E9A00EB62B2 /* ASIHTTPRequest.m in Sources */,
				C4C4198011E03E9A00EB62B2 /* ASIInputStream.m in Sources */,
				C4C4198111E03E9A00EB62B2 /* ASINetworkQueue.m in Sources */,
				C4C4198211E03E9A00EB62B2 /* CortitoPlugin.m in Sources */,
				C4C4198311E03E9A00EB62B2 /* CortitoService.m in Sources */,
				C4C41A3B11E05CED00EB62B2 /* CortitoPreferences.m in Sources */,
			);
			runOnlyForDeploymentPostprocessing = 0;
		};
/* End PBXSourcesBuildPhase section */

/* Begin PBXVariantGroup section */
		089C167DFE841241C02AAC07 /* InfoPlist.strings */ = {
			isa = PBXVariantGroup;
			children = (
				089C167EFE841241C02AAC07 /* English */,
			);
			name = InfoPlist.strings;
			sourceTree = "<group>";
		};
/* End PBXVariantGroup section */

/* Begin XCBuildConfiguration section */
		1DEB913B08733D840010E9CD /* Debug */ = {
			isa = XCBuildConfiguration;
			buildSettings = {
				ALWAYS_SEARCH_USER_PATHS = NO;
				COPY_PHASE_STRIP = NO;
				GCC_DYNAMIC_NO_PIC = NO;
				GCC_ENABLE_FIX_AND_CONTINUE = YES;
				GCC_MODEL_TUNING = G5;
				GCC_OPTIMIZATION_LEVEL = 0;
				GCC_PRECOMPILE_PREFIX_HEADER = YES;
				GCC_PREFIX_HEADER = Cortito_Prefix.pch;
				INFOPLIST_FILE = Info.plist;
				INSTALL_PATH = "$(HOME)/Library/Bundles";
				PRODUCT_NAME = Cortito;
				WRAPPER_EXTENSION = bundle;
			};
			name = Debug;
		};
		1DEB913C08733D840010E9CD /* Release */ = {
			isa = XCBuildConfiguration;
			buildSettings = {
				ALWAYS_SEARCH_USER_PATHS = NO;
				DEBUG_INFORMATION_FORMAT = "dwarf-with-dsym";
				GCC_MODEL_TUNING = G5;
				GCC_PRECOMPILE_PREFIX_HEADER = YES;
				GCC_PREFIX_HEADER = Cortito_Prefix.pch;
				INFOPLIST_FILE = Info.plist;
				INSTALL_PATH = "$(HOME)/Library/Bundles";
				PRODUCT_NAME = Cortito;
				WRAPPER_EXTENSION = bundle;
			};
			name = Release;
		};
		1DEB913F08733D840010E9CD /* Debug */ = {
			isa = XCBuildConfiguration;
			buildSettings = {
				ARCHS = "$(ARCHS_STANDARD_32_64_BIT)";
				BUNDLE_LOADER = /Applications/Safari.app/Contents/MacOS/Safari;
				GCC_C_LANGUAGE_STANDARD = gnu99;
				GCC_OPTIMIZATION_LEVEL = 0;
				GCC_WARN_ABOUT_RETURN_TYPE = YES;
				GCC_WARN_UNUSED_VARIABLE = YES;
				ONLY_ACTIVE_ARCH = YES;
				OTHER_LDFLAGS = (
					"-undefined",
					suppress,
					"-undefined",
					dynamic_lookup,
				);
				PREBINDING = NO;
				SDKROOT = macosx10.6;
			};
			name = Debug;
		};
		1DEB914008733D840010E9CD /* Release */ = {
			isa = XCBuildConfiguration;
			buildSettings = {
				ARCHS = "$(ARCHS_STANDARD_32_64_BIT)";
				BUNDLE_LOADER = /Applications/Safari.app/Contents/MacOS/Safari;
				GCC_C_LANGUAGE_STANDARD = gnu99;
				GCC_WARN_ABOUT_RETURN_TYPE = YES;
				GCC_WARN_UNUSED_VARIABLE = YES;
				OTHER_LDFLAGS = (
					"-undefined",
					suppress,
					"-undefined",
					dynamic_lookup,
				);
				PREBINDING = NO;
				SDKROOT = macosx10.6;
			};
			name = Release;
		};
/* End XCBuildConfiguration section */

/* Begin XCConfigurationList section */
		1DEB913A08733D840010E9CD /* Build configuration list for PBXNativeTarget "Cortito" */ = {
			isa = XCConfigurationList;
			buildConfigurations = (
				1DEB913B08733D840010E9CD /* Debug */,
				1DEB913C08733D840010E9CD /* Release */,
			);
			defaultConfigurationIsVisible = 0;
			defaultConfigurationName = Release;
		};
		1DEB913E08733D840010E9CD /* Build configuration list for PBXProject "Cortito" */ = {
			isa = XCConfigurationList;
			buildConfigurations = (
				1DEB913F08733D840010E9CD /* Debug */,
				1DEB914008733D840010E9CD /* Release */,
			);
			defaultConfigurationIsVisible = 0;
			defaultConfigurationName = Release;
		};
/* End XCConfigurationList section */
	};
	rootObject = 089C1669FE841209C02AAC07 /* Project object */;
}
